
Microsoft Visual Studio Solution File, Format Version 12.00
# Visual Studio Version 16
VisualStudioVersion = 16.0.30621.155
MinimumVisualStudioVersion = 10.0.40219.1
Project("{00D1A9C2-B5F0-4AF3-8072-F6C62B433612}") = "databasechangeautomation_v3", "databasechangeautomation_v3\databasechangeautomation_v3.sqlproj", "{06C17AF8-CA27-4A1A-8F85-7BC4EBEDD99B}"
EndProject
Global
	GlobalSection(SolutionConfigurationPlatforms) = preSolution
		Debug|Any CPU = Debug|Any CPU
		Release|Any CPU = Release|Any CPU
	EndGlobalSection
	GlobalSection(ProjectConfigurationPlatforms) = postSolution
		{06C17AF8-CA27-4A1A-8F85-7BC4EBEDD99B}.Debug|Any CPU.ActiveCfg = Debug|Any CPU
		{06C17AF8-CA27-4A1A-8F85-7BC4EBEDD99B}.Debug|Any CPU.Build.0 = Debug|Any CPU
		{06C17AF8-CA27-4A1A-8F85-7BC4EBEDD99B}.Debug|Any CPU.Deploy.0 = Debug|Any CPU
		{06C17AF8-CA27-4A1A-8F85-7BC4EBEDD99B}.Release|Any CPU.ActiveCfg = Release|Any CPU
		{06C17AF8-CA27-4A1A-8F85-7BC4EBEDD99B}.Release|Any CPU.Build.0 = Release|Any CPU
		{06C17AF8-CA27-4A1A-8F85-7BC4EBEDD99B}.Release|Any CPU.Deploy.0 = Release|Any CPU
	EndGlobalSection
	GlobalSection(SolutionProperties) = preSolution
		HideSolutionNode = FALSE
	EndGlobalSection
	GlobalSection(ExtensibilityGlobals) = postSolution
		SolutionGuid = {9EEEE051-FCEE-462D-86A3-9265D3B5CA09}
	EndGlobalSection
EndGlobal
